
Microsoft Visual Studio Solution File, Format Version 12.00
# Visual Studio Version 17
VisualStudioVersion = 17.5.002.0
MinimumVisualStudioVersion = 10.0.40219.1
Project("{9A19103F-16F7-4668-BE54-9A1E7A4F7556}") = "tde", "tde.csproj", "{667601BD-4881-4155-9C3A-C497A07749FE}"
EndProject
Global
	GlobalSection(SolutionConfigurationPlatforms) = preSolution
		Debug|Any CPU = Debug|Any CPU
		Release|Any CPU = Release|Any CPU
	EndGlobalSection
	GlobalSection(ProjectConfigurationPlatforms) = postSolution
		{667601BD-4881-4155-9C3A-C497A07749FE}.Debug|Any CPU.ActiveCfg = Debug|Any CPU
		{667601BD-4881-4155-9C3A-C497A07749FE}.Debug|Any CPU.Build.0 = Debug|Any CPU
		{667601BD-4881-4155-9C3A-C497A07749FE}.Release|Any CPU.ActiveCfg = Release|Any CPU
		{667601BD-4881-4155-9C3A-C497A07749FE}.Release|Any CPU.Build.0 = Release|Any CPU
	EndGlobalSection
	GlobalSection(SolutionProperties) = preSolution
		HideSolutionNode = FALSE
	EndGlobalSection
	GlobalSection(ExtensibilityGlobals) = postSolution
		SolutionGuid = {887325FA-B340-4ED2-90C8-64088F1011D0}
	EndGlobalSection
EndGlobal
