
Microsoft Visual Studio Solution File, Format Version 12.00
# Visual Studio Version 17
VisualStudioVersion = 17.5.002.0
MinimumVisualStudioVersion = 10.0.40219.1
Project("{9A19103F-16F7-4668-BE54-9A1E7A4F7556}") = "ap2", "ap2.csproj", "{912D7EF3-ED69-4563-8ED1-601E31A171F3}"
EndProject
Global
	GlobalSection(SolutionConfigurationPlatforms) = preSolution
		Debug|Any CPU = Debug|Any CPU
		Release|Any CPU = Release|Any CPU
	EndGlobalSection
	GlobalSection(ProjectConfigurationPlatforms) = postSolution
		{912D7EF3-ED69-4563-8ED1-601E31A171F3}.Debug|Any CPU.ActiveCfg = Debug|Any CPU
		{912D7EF3-ED69-4563-8ED1-601E31A171F3}.Debug|Any CPU.Build.0 = Debug|Any CPU
		{912D7EF3-ED69-4563-8ED1-601E31A171F3}.Release|Any CPU.ActiveCfg = Release|Any CPU
		{912D7EF3-ED69-4563-8ED1-601E31A171F3}.Release|Any CPU.Build.0 = Release|Any CPU
	EndGlobalSection
	GlobalSection(SolutionProperties) = preSolution
		HideSolutionNode = FALSE
	EndGlobalSection
	GlobalSection(ExtensibilityGlobals) = postSolution
		SolutionGuid = {888746D3-AC5F-4FC2-8A6F-DB0C41E89C68}
	EndGlobalSection
EndGlobal
