
Microsoft Visual Studio Solution File, Format Version 12.00
# Visual Studio Version 17
VisualStudioVersion = 17.5.002.0
MinimumVisualStudioVersion = 10.0.40219.1
Project("{9A19103F-16F7-4668-BE54-9A1E7A4F7556}") = "AS", "AS.csproj", "{810C0E5C-04A4-41EC-9BC2-BF7C9D5295AB}"
EndProject
Global
	GlobalSection(SolutionConfigurationPlatforms) = preSolution
		Debug|Any CPU = Debug|Any CPU
		Release|Any CPU = Release|Any CPU
	EndGlobalSection
	GlobalSection(ProjectConfigurationPlatforms) = postSolution
		{810C0E5C-04A4-41EC-9BC2-BF7C9D5295AB}.Debug|Any CPU.ActiveCfg = Debug|Any CPU
		{810C0E5C-04A4-41EC-9BC2-BF7C9D5295AB}.Debug|Any CPU.Build.0 = Debug|Any CPU
		{810C0E5C-04A4-41EC-9BC2-BF7C9D5295AB}.Release|Any CPU.ActiveCfg = Release|Any CPU
		{810C0E5C-04A4-41EC-9BC2-BF7C9D5295AB}.Release|Any CPU.Build.0 = Release|Any CPU
	EndGlobalSection
	GlobalSection(SolutionProperties) = preSolution
		HideSolutionNode = FALSE
	EndGlobalSection
	GlobalSection(ExtensibilityGlobals) = postSolution
		SolutionGuid = {0E75C114-3E46-41CD-8382-4D0BE5D9795B}
	EndGlobalSection
EndGlobal
